
Microsoft Visual Studio Solution File, Format Version 12.00
# Visual Studio 15
VisualStudioVersion = 15.0.27004.2009
MinimumVisualStudioVersion = 10.0.40219.1
Project("{FAE04EC0-301F-11D3-BF4B-00C04F79EFBC}") = "Variables1", "Variables1\Variables1.csproj", "{40A693EF-30EF-4120-BEF0-B8CC6253164D}"
EndProject
Global
	GlobalSection(SolutionConfigurationPlatforms) = preSolution
		Debug|Any CPU = Debug|Any CPU
		Release|Any CPU = Release|Any CPU
	EndGlobalSection
	GlobalSection(ProjectConfigurationPlatforms) = postSolution
		{40A693EF-30EF-4120-BEF0-B8CC6253164D}.Debug|Any CPU.ActiveCfg = Debug|Any CPU
		{40A693EF-30EF-4120-BEF0-B8CC6253164D}.Debug|Any CPU.Build.0 = Debug|Any CPU
		{40A693EF-30EF-4120-BEF0-B8CC6253164D}.Release|Any CPU.ActiveCfg = Release|Any CPU
		{40A693EF-30EF-4120-BEF0-B8CC6253164D}.Release|Any CPU.Build.0 = Release|Any CPU
	EndGlobalSection
	GlobalSection(SolutionProperties) = preSolution
		HideSolutionNode = FALSE
	EndGlobalSection
	GlobalSection(ExtensibilityGlobals) = postSolution
		SolutionGuid = {45A469ED-0766-4D73-83D7-47B574645CFC}
	EndGlobalSection
EndGlobal
