
Microsoft Visual Studio Solution File, Format Version 12.00
# Visual Studio 15
VisualStudioVersion = 15.0.27004.2009
MinimumVisualStudioVersion = 10.0.40219.1
Project("{FAE04EC0-301F-11D3-BF4B-00C04F79EFBC}") = "KD_Exercise_2", "KD_Exercise_2\KD_Exercise_2.csproj", "{C645EA86-B5CE-4871-901D-507EC543F28B}"
EndProject
Global
	GlobalSection(SolutionConfigurationPlatforms) = preSolution
		Debug|Any CPU = Debug|Any CPU
		Release|Any CPU = Release|Any CPU
	EndGlobalSection
	GlobalSection(ProjectConfigurationPlatforms) = postSolution
		{C645EA86-B5CE-4871-901D-507EC543F28B}.Debug|Any CPU.ActiveCfg = Debug|Any CPU
		{C645EA86-B5CE-4871-901D-507EC543F28B}.Debug|Any CPU.Build.0 = Debug|Any CPU
		{C645EA86-B5CE-4871-901D-507EC543F28B}.Release|Any CPU.ActiveCfg = Release|Any CPU
		{C645EA86-B5CE-4871-901D-507EC543F28B}.Release|Any CPU.Build.0 = Release|Any CPU
	EndGlobalSection
	GlobalSection(SolutionProperties) = preSolution
		HideSolutionNode = FALSE
	EndGlobalSection
	GlobalSection(ExtensibilityGlobals) = postSolution
		SolutionGuid = {1BA7E922-428A-4860-B280-B7987385AF25}
	EndGlobalSection
EndGlobal
